
Microsoft Visual Studio Solution File, Format Version 12.00
# Visual Studio Version 17
VisualStudioVersion = 17.8.34309.116
MinimumVisualStudioVersion = 10.0.40219.1
Project("{FAE04EC0-301F-11D3-BF4B-00C04F79EFBC}") = "Lab2", "Lab2\Lab2.csproj", "{161B6E5E-35D2-422E-AB61-EE6B2D1981D4}"
EndProject
Project("{FAE04EC0-301F-11D3-BF4B-00C04F79EFBC}") = "RegisterTest", "RegisterTest\RegisterTest.csproj", "{D714D3AD-9661-49F9-A2C3-04C11228A341}"
EndProject
Project("{FAE04EC0-301F-11D3-BF4B-00C04F79EFBC}") = "TriangleTest", "TriangleTest\TriangleTest.csproj", "{05F9E637-968C-402C-A9BF-2DC0D7F2E98B}"
EndProject
Global
	GlobalSection(SolutionConfigurationPlatforms) = preSolution
		Debug|Any CPU = Debug|Any CPU
		Release|Any CPU = Release|Any CPU
	EndGlobalSection
	GlobalSection(ProjectConfigurationPlatforms) = postSolution
		{161B6E5E-35D2-422E-AB61-EE6B2D1981D4}.Debug|Any CPU.ActiveCfg = Debug|Any CPU
		{161B6E5E-35D2-422E-AB61-EE6B2D1981D4}.Debug|Any CPU.Build.0 = Debug|Any CPU
		{161B6E5E-35D2-422E-AB61-EE6B2D1981D4}.Release|Any CPU.ActiveCfg = Release|Any CPU
		{161B6E5E-35D2-422E-AB61-EE6B2D1981D4}.Release|Any CPU.Build.0 = Release|Any CPU
		{D714D3AD-9661-49F9-A2C3-04C11228A341}.Debug|Any CPU.ActiveCfg = Debug|Any CPU
		{D714D3AD-9661-49F9-A2C3-04C11228A341}.Debug|Any CPU.Build.0 = Debug|Any CPU
		{D714D3AD-9661-49F9-A2C3-04C11228A341}.Release|Any CPU.ActiveCfg = Release|Any CPU
		{D714D3AD-9661-49F9-A2C3-04C11228A341}.Release|Any CPU.Build.0 = Release|Any CPU
		{05F9E637-968C-402C-A9BF-2DC0D7F2E98B}.Debug|Any CPU.ActiveCfg = Debug|Any CPU
		{05F9E637-968C-402C-A9BF-2DC0D7F2E98B}.Debug|Any CPU.Build.0 = Debug|Any CPU
		{05F9E637-968C-402C-A9BF-2DC0D7F2E98B}.Release|Any CPU.ActiveCfg = Release|Any CPU
		{05F9E637-968C-402C-A9BF-2DC0D7F2E98B}.Release|Any CPU.Build.0 = Release|Any CPU
	EndGlobalSection
	GlobalSection(SolutionProperties) = preSolution
		HideSolutionNode = FALSE
	EndGlobalSection
	GlobalSection(ExtensibilityGlobals) = postSolution
		SolutionGuid = {4764D123-0E32-43E6-AAE2-497AB8060FD3}
	EndGlobalSection
EndGlobal
